{
  "name": "playwright-tests",
  "version": "1.0.0",
  "lockfileVersion": 3,
  "requires": true,
  "packages": {
    "": {
      "name": "playwright-tests",
      "version": "1.0.0",
      "license": "ISC",
      "devDependencies": {
        "@faker-js/faker": "^9.9.0",
        "@playwright/test": "^1.54.2",
        "@types/node": "^24.2.0",
        "browserstack-cli": "^0.4.0",
        "playwright": "^1.54.2",
        "ts-node": "^10.9.2",
        "typescript": "^5.9.2"
      }
    },
    "node_modules/@cspotcode/source-map-support": {
      "version": "0.8.1",
      "resolved": "https://registry.npmjs.org/@cspotcode/source-map-support/-/source-map-support-0.8.1.tgz",
      "integrity": "sha512-IchNf6dN4tHoMFIn/7OE8LWZ19Y6q/67Bmf6vnGREv8RSbBVb9LPJxEcnwrcwX6ixSvaiGoomAUvu4YSxXrVgw==",
      "dev": true,
      "license": "MIT",
      "dependencies": {
        "@jridgewell/trace-mapping": "0.3.9"
      },
      "engines": {
        "node": ">=12"
      }
    },
    "node_modules/@faker-js/faker": {
      "version": "9.9.0",
      "resolved": "https://registry.npmjs.org/@faker-js/faker/-/faker-9.9.0.tgz",
      "integrity": "sha512-OEl393iCOoo/z8bMezRlJu+GlRGlsKbUAN7jKB6LhnKoqKve5DXRpalbItIIcwnCjs1k/FOPjFzcA6Qn+H+YbA==",
      "dev": true,
      "funding": [
        {
          "type": "opencollective",
          "url": "https://opencollective.com/fakerjs"
        }
      ],
      "license": "MIT",
      "engines": {
        "node": ">=18.0.0",
        "npm": ">=9.0.0"
      }
    },
    "node_modules/@jridgewell/resolve-uri": {
      "version": "3.1.2",
      "resolved": "https://registry.npmjs.org/@jridgewell/resolve-uri/-/resolve-uri-3.1.2.tgz",
      "integrity": "sha512-bRISgCIjP20/tbWSPWMEi54QVPRZExkuD9lJL+UIxUKtwVJA8wW1Trb1jMs1RFXo1CBTNZ/5hpC9QvmKWdopKw==",
      "dev": true,
      "license": "MIT",
      "engines": {
        "node": ">=6.0.0"
      }
    },
    "node_modules/@jridgewell/sourcemap-codec": {
      "version": "1.5.4",
      "resolved": "https://registry.npmjs.org/@jridgewell/sourcemap-codec/-/sourcemap-codec-1.5.4.tgz",
      "integrity": "sha512-VT2+G1VQs/9oz078bLrYbecdZKs912zQlkelYpuf+SXF+QvZDYJlbx/LSx+meSAwdDFnF8FVXW92AVjjkVmgFw==",
      "dev": true,
      "license": "MIT"
    },
    "node_modules/@jridgewell/trace-mapping": {
      "version": "0.3.9",
      "resolved": "https://registry.npmjs.org/@jridgewell/trace-mapping/-/trace-mapping-0.3.9.tgz",
      "integrity": "sha512-3Belt6tdc8bPgAtbcmdtNJlirVoTmEb5e2gC94PnkwEW9jI6CAHUeoG85tjWP5WquqfavoMtMwiG4P926ZKKuQ==",
      "dev": true,
      "license": "MIT",
      "dependencies": {
        "@jridgewell/resolve-uri": "^3.0.3",
        "@jridgewell/sourcemap-codec": "^1.4.10"
      }
    },
    "node_modules/@playwright/test": {
      "version": "1.54.2",
      "resolved": "https://registry.npmjs.org/@playwright/test/-/test-1.54.2.tgz",
      "integrity": "sha512-A+znathYxPf+72riFd1r1ovOLqsIIB0jKIoPjyK2kqEIe30/6jF6BC7QNluHuwUmsD2tv1XZVugN8GqfTMOxsA==",
      "dev": true,
      "license": "Apache-2.0",
      "dependencies": {
        "playwright": "1.54.2"
      },
      "bin": {
        "playwright": "cli.js"
      },
      "engines": {
        "node": ">=18"
      }
    },
    "node_modules/@tsconfig/node10": {
      "version": "1.0.11",
      "resolved": "https://registry.npmjs.org/@tsconfig/node10/-/node10-1.0.11.tgz",
      "integrity": "sha512-DcRjDCujK/kCk/cUe8Xz8ZSpm8mS3mNNpta+jGCA6USEDfktlNvm1+IuZ9eTcDbNk41BHwpHHeW+N1lKCz4zOw==",
      "dev": true,
      "license": "MIT"
    },
    "node_modules/@tsconfig/node12": {
      "version": "1.0.11",
      "resolved": "https://registry.npmjs.org/@tsconfig/node12/-/node12-1.0.11.tgz",
      "integrity": "sha512-cqefuRsh12pWyGsIoBKJA9luFu3mRxCA+ORZvA4ktLSzIuCUtWVxGIuXigEwO5/ywWFMZ2QEGKWvkZG1zDMTag==",
      "dev": true,
      "license": "MIT"
    },
    "node_modules/@tsconfig/node14": {
      "version": "1.0.3",
      "resolved": "https://registry.npmjs.org/@tsconfig/node14/-/node14-1.0.3.tgz",
      "integrity": "sha512-ysT8mhdixWK6Hw3i1V2AeRqZ5WfXg1G43mqoYlM2nc6388Fq5jcXyr5mRsqViLx/GJYdoL0bfXD8nmF+Zn/Iow==",
      "dev": true,
      "license": "MIT"
    },
    "node_modules/@tsconfig/node16": {
      "version": "1.0.4",
      "resolved": "https://registry.npmjs.org/@tsconfig/node16/-/node16-1.0.4.tgz",
      "integrity": "sha512-vxhUy4J8lyeyinH7Azl1pdd43GJhZH/tP2weN8TntQblOY+A0XbT8DJk1/oCPuOOyg/Ja757rG0CgHcWC8OfMA==",
      "dev": true,
      "license": "MIT"
    },
    "node_modules/@types/node": {
      "version": "24.2.0",
      "resolved": "https://registry.npmjs.org/@types/node/-/node-24.2.0.tgz",
      "integrity": "sha512-3xyG3pMCq3oYCNg7/ZP+E1ooTaGB4cG8JWRsqqOYQdbWNY4zbaV0Ennrd7stjiJEFZCaybcIgpTjJWHRfBSIDw==",
      "dev": true,
      "license": "MIT",
      "dependencies": {
        "undici-types": "~7.10.0"
      }
    },
    "node_modules/acorn": {
      "version": "8.15.0",
      "resolved": "https://registry.npmjs.org/acorn/-/acorn-8.15.0.tgz",
      "integrity": "sha512-NZyJarBfL7nWwIq+FDL6Zp/yHEhePMNnnJ0y3qfieCrmNvYct8uvtiV41UvlSe6apAfk0fY1FbWx+NwfmpvtTg==",
      "dev": true,
      "license": "MIT",
      "bin": {
        "acorn": "bin/acorn"
      },
      "engines": {
        "node": ">=0.4.0"
      }
    },
    "node_modules/acorn-walk": {
      "version": "8.3.4",
      "resolved": "https://registry.npmjs.org/acorn-walk/-/acorn-walk-8.3.4.tgz",
      "integrity": "sha512-ueEepnujpqee2o5aIYnvHU6C0A42MNdsIDeqy5BydrkuC5R1ZuUFnm27EeFJGoEHJQgn3uleRvmTXaJgfXbt4g==",
      "dev": true,
      "license": "MIT",
      "dependencies": {
        "acorn": "^8.11.0"
      },
      "engines": {
        "node": ">=0.4.0"
      }
    },
    "node_modules/arg": {
      "version": "4.1.3",
      "resolved": "https://registry.npmjs.org/arg/-/arg-4.1.3.tgz",
      "integrity": "sha512-58S9QDqG0Xx27YwPSt9fJxivjYl432YCwfDMfZ+71RAqUrZef7LrKQZ3LHLOwCS4FLNBplP533Zx895SeOCHvA==",
      "dev": true,
      "license": "MIT"
    },
    "node_modules/async": {
      "version": "0.2.10",
      "resolved": "https://registry.npmjs.org/async/-/async-0.2.10.tgz",
      "integrity": "sha512-eAkdoKxU6/LkKDBzLpT+t6Ff5EtfSF4wx1WfJiPEEV7WNLnDaRXk0oVysiEPm262roaachGexwUv94WhSgN5TQ==",
      "dev": true
    },
    "node_modules/balanced-match": {
      "version": "1.0.2",
      "resolved": "https://registry.npmjs.org/balanced-match/-/balanced-match-1.0.2.tgz",
      "integrity": "sha512-3oSeUO0TMV67hN1AmbXsK4yaqU7tjiHlbxRDZOpH0KW9+CeX4bRAaX0Anxt0tx2MrpRpWwQaPwIlISEJhYU5Pw==",
      "dev": true,
      "license": "MIT"
    },
    "node_modules/binary": {
      "version": "0.3.0",
      "resolved": "https://registry.npmjs.org/binary/-/binary-0.3.0.tgz",
      "integrity": "sha512-D4H1y5KYwpJgK8wk1Cue5LLPgmwHKYSChkbspQg5JtVuR5ulGckxfR62H3AE9UDkdMC8yyXlqYihuz3Aqg2XZg==",
      "dev": true,
      "license": "MIT",
      "dependencies": {
        "buffers": "~0.1.1",
        "chainsaw": "~0.1.0"
      },
      "engines": {
        "node": "*"
      }
    },
    "node_modules/brace-expansion": {
      "version": "1.1.12",
      "resolved": "https://registry.npmjs.org/brace-expansion/-/brace-expansion-1.1.12.tgz",
      "integrity": "sha512-9T9UjW3r0UW5c1Q7GTwllptXwhvYmEzFhzMfZ9H7FQWt+uZePjZPjBP/W1ZEyZ1twGWom5/56TF4lPcqjnDHcg==",
      "dev": true,
      "license": "MIT",
      "dependencies": {
        "balanced-match": "^1.0.0",
        "concat-map": "0.0.1"
      }
    },
    "node_modules/browseroverflow": {
      "version": "0.3.0",
      "resolved": "https://registry.npmjs.org/browseroverflow/-/browseroverflow-0.3.0.tgz",
      "integrity": "sha512-MVTmFc7e1bRGNK1MBAeSvJAS5Em4/5opr/CWmiNFzCTPS8wsBlSSSnQ6aWTTbLSmOm9hZzssfGM3P52y9aFNOg==",
      "dev": true,
      "license": "MIT",
      "dependencies": {
        "async": "~0.2.7",
        "browserstack": "git://github.com/airportyh/node-browserstack.git#v3",
        "browserstacktunnel-wrapper": "^1.4.2",
        "commander": "~1.1.1",
        "did_it_work": "~0.0.3",
        "mkdirp": "~0.3.5",
        "progress": "~0.1.0",
        "sinon": "~1.7.1"
      }
    },
    "node_modules/browseroverflow/node_modules/commander": {
      "version": "1.1.1",
      "resolved": "https://registry.npmjs.org/commander/-/commander-1.1.1.tgz",
      "integrity": "sha512-71Rod2AhcH3JhkBikVpNd0pA+fWsmAaVoti6OR38T76chA7vE3pSerS0Jor4wDw+tOueD2zLVvFOw5H0Rcj7rA==",
      "dev": true,
      "dependencies": {
        "keypress": "0.1.x"
      },
      "engines": {
        "node": ">= 0.6.x"
      }
    },
    "node_modules/browserstack": {
      "version": "0.2.0",
      "resolved": "git+ssh://git@github.com/airportyh/node-browserstack.git#087019449e4b5ebf749702e5d1a878681b373ad4",
      "dev": true,
      "engines": {
        "node": ">=0.4.0"
      }
    },
    "node_modules/browserstack-cli": {
      "version": "0.4.0",
      "resolved": "https://registry.npmjs.org/browserstack-cli/-/browserstack-cli-0.4.0.tgz",
      "integrity": "sha512-nyggzUAr62QysInMeNO+uJQS9VWGPVqWIF9mG7kFkFMklLlQZa71jAL94mMpKJWsjwEbync8NOebedDX+E8B7g==",
      "dev": true,
      "dependencies": {
        "browseroverflow": "^0.3.0",
        "cli-table": "~0.2.0",
        "commander": "1.x"
      },
      "bin": {
        "browserstack": "bin/cli.js"
      },
      "engines": {
        "node": ">=0.6.0"
      }
    },
    "node_modules/browserstacktunnel-wrapper": {
      "version": "1.4.2",
      "resolved": "https://registry.npmjs.org/browserstacktunnel-wrapper/-/browserstacktunnel-wrapper-1.4.2.tgz",
      "integrity": "sha512-sW7oH/R4jwWpdTTF+4V8LU2B8tsdR5wE6GvJjIY67jWP7BZMOuH9Na/JCEKuNOJSmpJ3loeVc97/Z8q1bDuOCQ==",
      "dev": true,
      "dependencies": {
        "unzip": "~0.1.9"
      },
      "engines": {
        "node": ">= 0.10.20"
      }
    },
    "node_modules/buffers": {
      "version": "0.1.1",
      "resolved": "https://registry.npmjs.org/buffers/-/buffers-0.1.1.tgz",
      "integrity": "sha512-9q/rDEGSb/Qsvv2qvzIzdluL5k7AaJOTrw23z9reQthrbF7is4CtlT0DXyO1oei2DCp4uojjzQ7igaSHp1kAEQ==",
      "dev": true,
      "engines": {
        "node": ">=0.2.0"
      }
    },
    "node_modules/buster-core": {
      "version": "0.6.4",
      "resolved": "https://registry.npmjs.org/buster-core/-/buster-core-0.6.4.tgz",
      "integrity": "sha512-WxitPqvzr2J7AA2eLEddv72XYaunQUDI0ICZhd1ucT/HhQI6JqfA7WQtoBoVZSgUn1+7uf9r7Plhh8PdO2+Kjg==",
      "deprecated": "No longer maintained",
      "dev": true,
      "engines": {
        "node": "*"
      }
    },
    "node_modules/buster-format": {
      "version": "0.5.6",
      "resolved": "https://registry.npmjs.org/buster-format/-/buster-format-0.5.6.tgz",
      "integrity": "sha512-AiH2uZZSwyhgtM7l8/A/7HaqUBJnXwcj9oUPIrSvTKTOo/Go0KJiqnGnRRl4zGqIf3IK3pC/KfkgJMgn6lpyzw==",
      "dev": true,
      "dependencies": {
        "buster-core": "=0.6.4"
      }
    },
    "node_modules/chainsaw": {
      "version": "0.1.0",
      "resolved": "https://registry.npmjs.org/chainsaw/-/chainsaw-0.1.0.tgz",
      "integrity": "sha512-75kWfWt6MEKNC8xYXIdRpDehRYY/tNSgwKaJq+dbbDcxORuVrrQ+SEHoWsniVn9XPYfP4gmdWIeDk/4YNp1rNQ==",
      "dev": true,
      "license": "MIT/X11",
      "dependencies": {
        "traverse": ">=0.3.0 <0.4"
      },
      "engines": {
        "node": "*"
      }
    },
    "node_modules/cli-table": {
      "version": "0.2.0",
      "resolved": "https://registry.npmjs.org/cli-table/-/cli-table-0.2.0.tgz",
      "integrity": "sha512-AB1fVExK7r4Lfk61XOZuZc83tvDxWsnT9KsY3j9gYsaWCOVc7bCajJlA7S/lVSqC7MX34afRpnfeYoLZ3O4PyQ==",
      "dev": true,
      "dependencies": {
        "colors": "0.3.0"
      },
      "engines": {
        "node": ">= 0.2.0"
      }
    },
    "node_modules/colors": {
      "version": "0.3.0",
      "resolved": "https://registry.npmjs.org/colors/-/colors-0.3.0.tgz",
      "integrity": "sha512-zRIkNRjxdyFV2Vuq0Bh8hL/rWgQsBM19aB6Uq9CMot2olUuD1DEPon9SB3GZNDrfOojb6a74AQhSM5BKrAr9tA==",
      "dev": true,
      "engines": {
        "node": "*"
      }
    },
    "node_modules/commander": {
      "version": "1.3.2",
      "resolved": "https://registry.npmjs.org/commander/-/commander-1.3.2.tgz",
      "integrity": "sha512-uoVVA5dchmxZeTMv2Qsd0vhn/RebJYsWo4all1qtrUL3BBhQFn4AQDF4PL+ZvOeK7gczXKEZaSCyMDMwFBlpBg==",
      "dev": true,
      "dependencies": {
        "keypress": "0.1.x"
      },
      "engines": {
        "node": ">= 0.6.x"
      }
    },
    "node_modules/concat-map": {
      "version": "0.0.1",
      "resolved": "https://registry.npmjs.org/concat-map/-/concat-map-0.0.1.tgz",
      "integrity": "sha512-/Srv4dswyQNBfohGpz9o6Yb3Gz3SrUDqBH5rTuhGR7ahtlbYKnVxw2bCFMRljaA7EXHaXZ8wsHdodFvbkhKmqg==",
      "dev": true,
      "license": "MIT"
    },
    "node_modules/core-util-is": {
      "version": "1.0.3",
      "resolved": "https://registry.npmjs.org/core-util-is/-/core-util-is-1.0.3.tgz",
      "integrity": "sha512-ZQBvi1DcpJ4GDqanjucZ2Hj3wEO5pZDS89BWbkcrvdxksJorwUDDZamX9ldFkp9aw2lmBDLgkObEA4DWNJ9FYQ==",
      "dev": true,
      "license": "MIT"
    },
    "node_modules/create-require": {
      "version": "1.1.1",
      "resolved": "https://registry.npmjs.org/create-require/-/create-require-1.1.1.tgz",
      "integrity": "sha512-dcKFX3jn0MpIaXjisoRvexIJVEKzaq7z2rZKxf+MSr9TkdmHmsU4m2lcLojrj/FHl8mk5VxMmYA+ftRkP/3oKQ==",
      "dev": true,
      "license": "MIT"
    },
    "node_modules/did_it_work": {
      "version": "0.0.6",
      "resolved": "https://registry.npmjs.org/did_it_work/-/did_it_work-0.0.6.tgz",
      "integrity": "sha512-iZbgl1eRQ7Blv3eSRhisJa77nvAy1Oo/nmUhtLDEsLFFIhVKSeg6Z5I4gnM1FDSihmBLy/DywuGEd2DNnTU+8w==",
      "dev": true,
      "license": "MIT"
    },
    "node_modules/diff": {
      "version": "4.0.2",
      "resolved": "https://registry.npmjs.org/diff/-/diff-4.0.2.tgz",
      "integrity": "sha512-58lmxKSA4BNyLz+HHMUzlOEpg09FV+ev6ZMe3vJihgdxzgcwZ8VoEEPmALCZG9LmqfVoNMMKpttIYTVG6uDY7A==",
      "dev": true,
      "license": "BSD-3-Clause",
      "engines": {
        "node": ">=0.3.1"
      }
    },
    "node_modules/fs.realpath": {
      "version": "1.0.0",
      "resolved": "https://registry.npmjs.org/fs.realpath/-/fs.realpath-1.0.0.tgz",
      "integrity": "sha512-OO0pH2lK6a0hZnAdau5ItzHPI6pUlvI7jMVnxUQRtw4owF2wk8lOSabtGDCTP4Ggrg2MbGnWO9X8K1t4+fGMDw==",
      "dev": true,
      "license": "ISC"
    },
    "node_modules/fsevents": {
      "version": "2.3.2",
      "resolved": "https://registry.npmjs.org/fsevents/-/fsevents-2.3.2.tgz",
      "integrity": "sha512-xiqMQR4xAeHTuB9uWm+fFRcIOgKBMiOBP+eXiyT7jsgVCq1bkVygt00oASowB7EdtpOHaaPgKt812P9ab+DDKA==",
      "dev": true,
      "hasInstallScript": true,
      "license": "MIT",
      "optional": true,
      "os": [
        "darwin"
      ],
      "engines": {
        "node": "^8.16.0 || ^10.6.0 || >=11.0.0"
      }
    },
    "node_modules/fstream": {
      "version": "0.1.31",
      "resolved": "https://registry.npmjs.org/fstream/-/fstream-0.1.31.tgz",
      "integrity": "sha512-N1pLGEHoDyCoI8uMmPXJXhn238L4nk41iipXCrqs4Ss0ooYSr5sNj2ucMo5AqJVC4OaOa7IztpBhOaaYTGZVuA==",
      "deprecated": "This package is no longer supported.",
      "dev": true,
      "license": "BSD",
      "dependencies": {
        "graceful-fs": "~3.0.2",
        "inherits": "~2.0.0",
        "mkdirp": "0.5",
        "rimraf": "2"
      },
      "engines": {
        "node": ">=0.6"
      }
    },
    "node_modules/fstream/node_modules/mkdirp": {
      "version": "0.5.6",
      "resolved": "https://registry.npmjs.org/mkdirp/-/mkdirp-0.5.6.tgz",
      "integrity": "sha512-FP+p8RB8OWpF3YZBCrP5gtADmtXApB5AMLn+vdyA+PyxCjrCs00mjyUozssO33cwDeT3wNGdLxJ5M//YqtHAJw==",
      "dev": true,
      "license": "MIT",
      "dependencies": {
        "minimist": "^1.2.6"
      },
      "bin": {
        "mkdirp": "bin/cmd.js"
      }
    },
    "node_modules/glob": {
      "version": "7.2.3",
      "resolved": "https://registry.npmjs.org/glob/-/glob-7.2.3.tgz",
      "integrity": "sha512-nFR0zLpU2YCaRxwoCJvL6UvCH2JFyFVIvwTLsIf21AuHlMskA1hhTdk+LlYJtOlYt9v6dvszD2BGRqBL+iQK9Q==",
      "deprecated": "Glob versions prior to v9 are no longer supported",
      "dev": true,
      "license": "ISC",
      "dependencies": {
        "fs.realpath": "^1.0.0",
        "inflight": "^1.0.4",
        "inherits": "2",
        "minimatch": "^3.1.1",
        "once": "^1.3.0",
        "path-is-absolute": "^1.0.0"
      },
      "engines": {
        "node": "*"
      },
      "funding": {
        "url": "https://github.com/sponsors/isaacs"
      }
    },
    "node_modules/graceful-fs": {
      "version": "3.0.12",
      "resolved": "https://registry.npmjs.org/graceful-fs/-/graceful-fs-3.0.12.tgz",
      "integrity": "sha512-J55gaCS4iTTJfTXIxSVw3EMQckcqkpdRv3IR7gu6sq0+tbC363Zx6KH/SEwXASK9JRbhyZmVjJEVJIOxYsB3Qg==",
      "dev": true,
      "license": "ISC",
      "dependencies": {
        "natives": "^1.1.3"
      },
      "engines": {
        "node": ">=0.4.0"
      }
    },
    "node_modules/inflight": {
      "version": "1.0.6",
      "resolved": "https://registry.npmjs.org/inflight/-/inflight-1.0.6.tgz",
      "integrity": "sha512-k92I/b08q4wvFscXCLvqfsHCrjrF7yiXsQuIVvVE7N82W3+aqpzuUdBbfhWcy/FZR3/4IgflMgKLOsvPDrGCJA==",
      "deprecated": "This module is not supported, and leaks memory. Do not use it. Check out lru-cache if you want a good and tested way to coalesce async requests by a key value, which is much more comprehensive and powerful.",
      "dev": true,
      "license": "ISC",
      "dependencies": {
        "once": "^1.3.0",
        "wrappy": "1"
      }
    },
    "node_modules/inherits": {
      "version": "2.0.4",
      "resolved": "https://registry.npmjs.org/inherits/-/inherits-2.0.4.tgz",
      "integrity": "sha512-k/vGaX4/Yla3WzyMCvTQOXYeIHvqOKtnqBduzTHpzpQZzAskKMhZ2K+EnBiSM9zGSoIFeMpXKxa4dYeZIQqewQ==",
      "dev": true,
      "license": "ISC"
    },
    "node_modules/isarray": {
      "version": "0.0.1",
      "resolved": "https://registry.npmjs.org/isarray/-/isarray-0.0.1.tgz",
      "integrity": "sha512-D2S+3GLxWH+uhrNEcoh/fnmYeP8E8/zHl644d/jdA0g2uyXvy3sb0qxotE+ne0LtccHknQzWwZEzhak7oJ0COQ==",
      "dev": true,
      "license": "MIT"
    },
    "node_modules/keypress": {
      "version": "0.1.0",
      "resolved": "https://registry.npmjs.org/keypress/-/keypress-0.1.0.tgz",
      "integrity": "sha512-x0yf9PL/nx9Nw9oLL8ZVErFAk85/lslwEP7Vz7s5SI1ODXZIgit3C5qyWjw4DxOuO/3Hb4866SQh28a1V1d+WA==",
      "dev": true,
      "license": "MIT"
    },
    "node_modules/make-error": {
      "version": "1.3.6",
      "resolved": "https://registry.npmjs.org/make-error/-/make-error-1.3.6.tgz",
      "integrity": "sha512-s8UhlNe7vPKomQhC1qFelMokr/Sc3AgNbso3n74mVPA5LTZwkB9NlXf4XPamLxJE8h0gh73rM94xvwRT2CVInw==",
      "dev": true,
      "license": "ISC"
    },
    "node_modules/match-stream": {
      "version": "0.0.2",
      "resolved": "https://registry.npmjs.org/match-stream/-/match-stream-0.0.2.tgz",
      "integrity": "sha512-TbN21KrvmZ4mHzKqSFeNNNYeOGNNoEE0sQjhOGlHc+W6XhV4nEhJqaQTJj106NF+NYjyJ7pXh23+OQ1d306ORw==",
      "dev": true,
      "license": "MIT",
      "dependencies": {
        "buffers": "~0.1.1",
        "readable-stream": "~1.0.0"
      }
    },
    "node_modules/minimatch": {
      "version": "3.1.2",
      "resolved": "https://registry.npmjs.org/minimatch/-/minimatch-3.1.2.tgz",
      "integrity": "sha512-J7p63hRiAjw1NDEww1W7i37+ByIrOWO5XQQAzZ3VOcL0PNybwpfmV/N05zFAzwQ9USyEcX6t3UO+K5aqBQOIHw==",
      "dev": true,
      "license": "ISC",
      "dependencies": {
        "brace-expansion": "^1.1.7"
      },
      "engines": {
        "node": "*"
      }
    },
    "node_modules/minimist": {
      "version": "1.2.8",
      "resolved": "https://registry.npmjs.org/minimist/-/minimist-1.2.8.tgz",
      "integrity": "sha512-2yyAR8qBkN3YuheJanUpWC5U3bb5osDywNB8RzDVlDwDHbocAJveqqj1u8+SVD7jkWT4yvsHCpWqqWqAxb0zCA==",
      "dev": true,
      "license": "MIT",
      "funding": {
        "url": "https://github.com/sponsors/ljharb"
      }
    },
    "node_modules/mkdirp": {
      "version": "0.3.5",
      "resolved": "https://registry.npmjs.org/mkdirp/-/mkdirp-0.3.5.tgz",
      "integrity": "sha512-8OCq0De/h9ZxseqzCH8Kw/Filf5pF/vMI6+BH7Lu0jXz2pqYCjTAQRolSxRIi+Ax+oCCjlxoJMP0YQ4XlrQNHg==",
      "deprecated": "Legacy versions of mkdirp are no longer supported. Please update to mkdirp 1.x. (Note that the API surface has changed to use Promises in 1.x.)",
      "dev": true,
      "license": "MIT"
    },
    "node_modules/natives": {
      "version": "1.1.6",
      "resolved": "https://registry.npmjs.org/natives/-/natives-1.1.6.tgz",
      "integrity": "sha512-6+TDFewD4yxY14ptjKaS63GVdtKiES1pTPyxn9Jb0rBqPMZ7VcCiooEhPNsr+mqHtMGxa/5c/HhcC4uPEUw/nA==",
      "deprecated": "This module relies on Node.js's internals and will break at some point. Do not use it, and update to graceful-fs@4.x.",
      "dev": true,
      "license": "ISC"
    },
    "node_modules/once": {
      "version": "1.4.0",
      "resolved": "https://registry.npmjs.org/once/-/once-1.4.0.tgz",
      "integrity": "sha512-lNaJgI+2Q5URQBkccEKHTQOPaXdUxnZZElQTZY0MFUAuaEqe1E+Nyvgdz/aIyNi6Z9MzO5dv1H8n58/GELp3+w==",
      "dev": true,
      "license": "ISC",
      "dependencies": {
        "wrappy": "1"
      }
    },
    "node_modules/over": {
      "version": "0.0.5",
      "resolved": "https://registry.npmjs.org/over/-/over-0.0.5.tgz",
      "integrity": "sha512-EEc3GCT5ce2VgLYKGeomTSgQT+4wkS13Ya9XzKiskHtemWPx0YhVErn7PtiowTOsYtRlFe6FksgwFeWG1aOJdg==",
      "dev": true,
      "license": "MIT",
      "engines": {
        "node": "*"
      }
    },
    "node_modules/path-is-absolute": {
      "version": "1.0.1",
      "resolved": "https://registry.npmjs.org/path-is-absolute/-/path-is-absolute-1.0.1.tgz",
      "integrity": "sha512-AVbw3UJ2e9bq64vSaS9Am0fje1Pa8pbGqTTsmXfaIiMpnr5DlDhfJOuLj9Sf95ZPVDAUerDfEk88MPmPe7UCQg==",
      "dev": true,
      "license": "MIT",
      "engines": {
        "node": ">=0.10.0"
      }
    },
    "node_modules/playwright": {
      "version": "1.54.2",
      "resolved": "https://registry.npmjs.org/playwright/-/playwright-1.54.2.tgz",
      "integrity": "sha512-Hu/BMoA1NAdRUuulyvQC0pEqZ4vQbGfn8f7wPXcnqQmM+zct9UliKxsIkLNmz/ku7LElUNqmaiv1TG/aL5ACsw==",
      "dev": true,
      "license": "Apache-2.0",
      "dependencies": {
        "playwright-core": "1.54.2"
      },
      "bin": {
        "playwright": "cli.js"
      },
      "engines": {
        "node": ">=18"
      },
      "optionalDependencies": {
        "fsevents": "2.3.2"
      }
    },
    "node_modules/playwright-core": {
      "version": "1.54.2",
      "resolved": "https://registry.npmjs.org/playwright-core/-/playwright-core-1.54.2.tgz",
      "integrity": "sha512-n5r4HFbMmWsB4twG7tJLDN9gmBUeSPcsBZiWSE4DnYz9mJMAFqr2ID7+eGC9kpEnxExJ1epttwR59LEWCk8mtA==",
      "dev": true,
      "license": "Apache-2.0",
      "bin": {
        "playwright-core": "cli.js"
      },
      "engines": {
        "node": ">=18"
      }
    },
    "node_modules/progress": {
      "version": "0.1.0",
      "resolved": "https://registry.npmjs.org/progress/-/progress-0.1.0.tgz",
      "integrity": "sha512-BO9u0nR/2r+YDyMCEPbodE2iW5xt5eF4C+NaPAKGWx6+vftH+ROUDvI88eELayOgN4bG9w0hH4HGrb5ayLezrg==",
      "dev": true,
      "engines": {
        "node": ">=0.4.0"
      }
    },
    "node_modules/pullstream": {
      "version": "0.4.1",
      "resolved": "https://registry.npmjs.org/pullstream/-/pullstream-0.4.1.tgz",
      "integrity": "sha512-8ckaufxE74rtbwA0lD0GO2Pk/miCfje3uZtGZd/MQpxkoRIBB004aKBnhdc4Y8L7sip0cis/ekib/1lUwUwxuA==",
      "dev": true,
      "license": "MIT",
      "dependencies": {
        "over": ">= 0.0.5 < 1",
        "readable-stream": "~1.0.31",
        "setimmediate": ">= 1.0.2 < 2",
        "slice-stream": ">= 1.0.0 < 2"
      }
    },
    "node_modules/readable-stream": {
      "version": "1.0.34",
      "resolved": "https://registry.npmjs.org/readable-stream/-/readable-stream-1.0.34.tgz",
      "integrity": "sha512-ok1qVCJuRkNmvebYikljxJA/UEsKwLl2nI1OmaqAu4/UE+h0wKCHok4XkL/gvi39OacXvw59RJUOFUkDib2rHg==",
      "dev": true,
      "license": "MIT",
      "dependencies": {
        "core-util-is": "~1.0.0",
        "inherits": "~2.0.1",
        "isarray": "0.0.1",
        "string_decoder": "~0.10.x"
      }
    },
    "node_modules/rimraf": {
      "version": "2.7.1",
      "resolved": "https://registry.npmjs.org/rimraf/-/rimraf-2.7.1.tgz",
      "integrity": "sha512-uWjbaKIK3T1OSVptzX7Nl6PvQ3qAGtKEtVRjRuazjfL3Bx5eI409VZSqgND+4UNnmzLVdPj9FqFJNPqBZFve4w==",
      "deprecated": "Rimraf versions prior to v4 are no longer supported",
      "dev": true,
      "license": "ISC",
      "dependencies": {
        "glob": "^7.1.3"
      },
      "bin": {
        "rimraf": "bin.js"
      }
    },
    "node_modules/setimmediate": {
      "version": "1.0.5",
      "resolved": "https://registry.npmjs.org/setimmediate/-/setimmediate-1.0.5.tgz",
      "integrity": "sha512-MATJdZp8sLqDl/68LfQmbP8zKPLQNV6BIZoIgrscFDQ+RsvK/BxeDQOgyxKKoh0y/8h3BqVFnCqQ/gd+reiIXA==",
      "dev": true,
      "license": "MIT"
    },
    "node_modules/sinon": {
      "version": "1.7.3",
      "resolved": "https://registry.npmjs.org/sinon/-/sinon-1.7.3.tgz",
      "integrity": "sha512-p/xC39NGh/+o+IZNwP/u1e+VQZ1Qcv2r8IwrEU4o0rvo2yHTosHTxVhEpKSAjSzcEK43u5Bn3dsQUj4TrbXZ/g==",
      "deprecated": "16.1.1",
      "dev": true,
      "dependencies": {
        "buster-format": "~0.5"
      },
      "engines": {
        "node": ">=0.1.103"
      }
    },
    "node_modules/slice-stream": {
      "version": "1.0.0",
      "resolved": "https://registry.npmjs.org/slice-stream/-/slice-stream-1.0.0.tgz",
      "integrity": "sha512-fJu1TYTr85OZEkT4lqcCW6oPWPIS5omPnIsB/dL7QWo2sNk03VQ6did4plhh0y3Sf0nJlq5QEUR3vMYevydn7w==",
      "dev": true,
      "license": "MIT",
      "dependencies": {
        "readable-stream": "~1.0.31"
      }
    },
    "node_modules/string_decoder": {
      "version": "0.10.31",
      "resolved": "https://registry.npmjs.org/string_decoder/-/string_decoder-0.10.31.tgz",
      "integrity": "sha512-ev2QzSzWPYmy9GuqfIVildA4OdcGLeFZQrq5ys6RtiuF+RQQiZWr8TZNyAcuVXyQRYfEO+MsoB/1BuQVhOJuoQ==",
      "dev": true,
      "license": "MIT"
    },
    "node_modules/traverse": {
      "version": "0.3.9",
      "resolved": "https://registry.npmjs.org/traverse/-/traverse-0.3.9.tgz",
      "integrity": "sha512-iawgk0hLP3SxGKDfnDJf8wTz4p2qImnyihM5Hh/sGvQ3K37dPi/w8sRhdNIxYA1TwFwc5mDhIJq+O0RsvXBKdQ==",
      "dev": true,
      "license": "MIT/X11",
      "engines": {
        "node": "*"
      }
    },
    "node_modules/ts-node": {
      "version": "10.9.2",
      "resolved": "https://registry.npmjs.org/ts-node/-/ts-node-10.9.2.tgz",
      "integrity": "sha512-f0FFpIdcHgn8zcPSbf1dRevwt047YMnaiJM3u2w2RewrB+fob/zePZcrOyQoLMMO7aBIddLcQIEK5dYjkLnGrQ==",
      "dev": true,
      "license": "MIT",
      "dependencies": {
        "@cspotcode/source-map-support": "^0.8.0",
        "@tsconfig/node10": "^1.0.7",
        "@tsconfig/node12": "^1.0.7",
        "@tsconfig/node14": "^1.0.0",
        "@tsconfig/node16": "^1.0.2",
        "acorn": "^8.4.1",
        "acorn-walk": "^8.1.1",
        "arg": "^4.1.0",
        "create-require": "^1.1.0",
        "diff": "^4.0.1",
        "make-error": "^1.1.1",
        "v8-compile-cache-lib": "^3.0.1",
        "yn": "3.1.1"
      },
      "bin": {
        "ts-node": "dist/bin.js",
        "ts-node-cwd": "dist/bin-cwd.js",
        "ts-node-esm": "dist/bin-esm.js",
        "ts-node-script": "dist/bin-script.js",
        "ts-node-transpile-only": "dist/bin-transpile.js",
        "ts-script": "dist/bin-script-deprecated.js"
      },
      "peerDependencies": {
        "@swc/core": ">=1.2.50",
        "@swc/wasm": ">=1.2.50",
        "@types/node": "*",
        "typescript": ">=2.7"
      },
      "peerDependenciesMeta": {
        "@swc/core": {
          "optional": true
        },
        "@swc/wasm": {
          "optional": true
        }
      }
    },
    "node_modules/typescript": {
      "version": "5.9.2",
      "resolved": "https://registry.npmjs.org/typescript/-/typescript-5.9.2.tgz",
      "integrity": "sha512-CWBzXQrc/qOkhidw1OzBTQuYRbfyxDXJMVJ1XNwUHGROVmuaeiEm3OslpZ1RV96d7SKKjZKrSJu3+t/xlw3R9A==",
      "dev": true,
      "license": "Apache-2.0",
      "bin": {
        "tsc": "bin/tsc",
        "tsserver": "bin/tsserver"
      },
      "engines": {
        "node": ">=14.17"
      }
    },
    "node_modules/undici-types": {
      "version": "7.10.0",
      "resolved": "https://registry.npmjs.org/undici-types/-/undici-types-7.10.0.tgz",
      "integrity": "sha512-t5Fy/nfn+14LuOc2KNYg75vZqClpAiqscVvMygNnlsHBFpSXdJaYtXMcdNLpl/Qvc3P2cB3s6lOV51nqsFq4ag==",
      "dev": true,
      "license": "MIT"
    },
    "node_modules/unzip": {
      "version": "0.1.11",
      "resolved": "https://registry.npmjs.org/unzip/-/unzip-0.1.11.tgz",
      "integrity": "sha512-Dvxd7bj2RcfbM+AbNfx0Ufqvk7Kl4YGeAQlEGn9+glDQz1HFxeeRjBStxi/DfIvgutn6hbC4yMc1rEo3x+dmVQ==",
      "dev": true,
      "license": "MIT",
      "dependencies": {
        "binary": ">= 0.3.0 < 1",
        "fstream": ">= 0.1.30 < 1",
        "match-stream": ">= 0.0.2 < 1",
        "pullstream": ">= 0.4.1 < 1",
        "readable-stream": "~1.0.31",
        "setimmediate": ">= 1.0.1 < 2"
      }
    },
    "node_modules/v8-compile-cache-lib": {
      "version": "3.0.1",
      "resolved": "https://registry.npmjs.org/v8-compile-cache-lib/-/v8-compile-cache-lib-3.0.1.tgz",
      "integrity": "sha512-wa7YjyUGfNZngI/vtK0UHAN+lgDCxBPCylVXGp0zu59Fz5aiGtNXaq3DhIov063MorB+VfufLh3JlF2KdTK3xg==",
      "dev": true,
      "license": "MIT"
    },
    "node_modules/wrappy": {
      "version": "1.0.2",
      "resolved": "https://registry.npmjs.org/wrappy/-/wrappy-1.0.2.tgz",
      "integrity": "sha512-l4Sp/DRseor9wL6EvV2+TuQn63dMkPjZ/sp9XkghTEbV9KlPS1xUsZ3u7/IQO4wxtcFB4bgpQPRcR3QCvezPcQ==",
      "dev": true,
      "license": "ISC"
    },
    "node_modules/yn": {
      "version": "3.1.1",
      "resolved": "https://registry.npmjs.org/yn/-/yn-3.1.1.tgz",
      "integrity": "sha512-Ux4ygGWsu2c7isFWe8Yu1YluJmqVhxqK2cLXNQA5AcC3QfbGNpM7fu0Y8b/z16pXLnFxZYvWhd3fhBY9DLmC6Q==",
      "dev": true,
      "license": "MIT",
      "engines": {
        "node": ">=6"
      }
    }
  }
}
